// !$*UTF8*$!
{
	archiveVersion = 1;
	classes = {
	};
	objectVersion = 50;
	objects = {

/* Begin PBXBuildFile section */
		D85EBB7F24E2F1B1002F2435 /* AppDelegate.swift in Sources */ = {isa = PBXBuildFile; fileRef = D85EBB7E24E2F1B1002F2435 /* AppDelegate.swift */; };
		D85EBB8124E2F1B1002F2435 /* SceneDelegate.swift in Sources */ = {isa = PBXBuildFile; fileRef = D85EBB8024E2F1B1002F2435 /* SceneDelegate.swift */; };
		D85EBB8324E2F1B1002F2435 /* EmojiArtDocumentView.swift in Sources */ = {isa = PBXBuildFile; fileRef = D85EBB8224E2F1B1002F2435 /* EmojiArtDocumentView.swift */; };
		D85EBB8524E2F1B2002F2435 /* Assets.xcassets in Resources */ = {isa = PBXBuildFile; fileRef = D85EBB8424E2F1B2002F2435 /* Assets.xcassets */; };
		D85EBB8824E2F1B2002F2435 /* Preview Assets.xcassets in Resources */ = {isa = PBXBuildFile; fileRef = D85EBB8724E2F1B2002F2435 /* Preview Assets.xcassets */; };
		D85EBB8B24E2F1B2002F2435 /* LaunchScreen.storyboard in Resources */ = {isa = PBXBuildFile; fileRef = D85EBB8924E2F1B2002F2435 /* LaunchScreen.storyboard */; };
		D85EBB9324E2F22E002F2435 /* EmojiArtExtensions.swift in Sources */ = {isa = PBXBuildFile; fileRef = D85EBB9224E2F22E002F2435 /* EmojiArtExtensions.swift */; };
		D85EBB9524E2F26D002F2435 /* EmojiArt.swift in Sources */ = {isa = PBXBuildFile; fileRef = D85EBB9424E2F26D002F2435 /* EmojiArt.swift */; };
		D85EBB9924E2F41E002F2435 /* EmojiArtDocument.swift in Sources */ = {isa = PBXBuildFile; fileRef = D85EBB9824E2F41E002F2435 /* EmojiArtDocument.swift */; };
		D85EBB9B24E2F45E002F2435 /* OptionalImage.swift in Sources */ = {isa = PBXBuildFile; fileRef = D85EBB9A24E2F45E002F2435 /* OptionalImage.swift */; };
		D85EBB9D24E2F536002F2435 /* AnimatableSystemFontModifier.swift in Sources */ = {isa = PBXBuildFile; fileRef = D85EBB9C24E2F536002F2435 /* AnimatableSystemFontModifier.swift */; };
/* End PBXBuildFile section */

/* Begin PBXFileReference section */
		D85EBB7B24E2F1B1002F2435 /* cs193p_a4.app */ = {isa = PBXFileReference; explicitFileType = wrapper.application; includeInIndex = 0; path = cs193p_a4.app; sourceTree = BUILT_PRODUCTS_DIR; };
		D85EBB7E24E2F1B1002F2435 /* AppDelegate.swift */ = {isa = PBXFileReference; lastKnownFileType = sourcecode.swift; path = AppDelegate.swift; sourceTree = "<group>"; };
		D85EBB8024E2F1B1002F2435 /* SceneDelegate.swift */ = {isa = PBXFileReference; lastKnownFileType = sourcecode.swift; path = SceneDelegate.swift; sourceTree = "<group>"; };
		D85EBB8224E2F1B1002F2435 /* EmojiArtDocumentView.swift */ = {isa = PBXFileReference; lastKnownFileType = sourcecode.swift; path = EmojiArtDocumentView.swift; sourceTree = "<group>"; };
		D85EBB8424E2F1B2002F2435 /* Assets.xcassets */ = {isa = PBXFileReference; lastKnownFileType = folder.assetcatalog; path = Assets.xcassets; sourceTree = "<group>"; };
		D85EBB8724E2F1B2002F2435 /* Preview Assets.xcassets */ = {isa = PBXFileReference; lastKnownFileType = folder.assetcatalog; path = "Preview Assets.xcassets"; sourceTree = "<group>"; };
		D85EBB8A24E2F1B2002F2435 /* Base */ = {isa = PBXFileReference; lastKnownFileType = file.storyboard; name = Base; path = Base.lproj/LaunchScreen.storyboard; sourceTree = "<group>"; };
		D85EBB8C24E2F1B2002F2435 /* Info.plist */ = {isa = PBXFileReference; lastKnownFileType = text.plist.xml; path = Info.plist; sourceTree = "<group>"; };
		D85EBB9224E2F22E002F2435 /* EmojiArtExtensions.swift */ = {isa = PBXFileReference; fileEncoding = 4; lastKnownFileType = sourcecode.swift; path = EmojiArtExtensions.swift; sourceTree = "<group>"; };
		D85EBB9424E2F26D002F2435 /* EmojiArt.swift */ = {isa = PBXFileReference; lastKnownFileType = sourcecode.swift; path = EmojiArt.swift; sourceTree = "<group>"; };
		D85EBB9824E2F41E002F2435 /* EmojiArtDocument.swift */ = {isa = PBXFileReference; lastKnownFileType = sourcecode.swift; path = EmojiArtDocument.swift; sourceTree = "<group>"; };
		D85EBB9A24E2F45E002F2435 /* OptionalImage.swift */ = {isa = PBXFileReference; lastKnownFileType = sourcecode.swift; path = OptionalImage.swift; sourceTree = "<group>"; };
		D85EBB9C24E2F536002F2435 /* AnimatableSystemFontModifier.swift */ = {isa = PBXFileReference; fileEncoding = 4; lastKnownFileType = sourcecode.swift; path = AnimatableSystemFontModifier.swift; sourceTree = "<group>"; };
/* End PBXFileReference section */

/* Begin PBXFrameworksBuildPhase section */
		D85EBB7824E2F1B1002F2435 /* Frameworks */ = {
			isa = PBXFrameworksBuildPhase;
			buildActionMask = 2147483647;
			files = (
			);
			runOnlyForDeploymentPostprocessing = 0;
		};
/* End PBXFrameworksBuildPhase section */

/* Begin PBXGroup section */
		D85EBB7224E2F1B1002F2435 = {
			isa = PBXGroup;
			children = (
				D85EBB7D24E2F1B1002F2435 /* cs193p_a4 */,
				D85EBB7C24E2F1B1002F2435 /* Products */,
			);
			sourceTree = "<group>";
		};
		D85EBB7C24E2F1B1002F2435 /* Products */ = {
			isa = PBXGroup;
			children = (
				D85EBB7B24E2F1B1002F2435 /* cs193p_a4.app */,
			);
			name = Products;
			sourceTree = "<group>";
		};
		D85EBB7D24E2F1B1002F2435 /* cs193p_a4 */ = {
			isa = PBXGroup;
			children = (
				D85EBB9424E2F26D002F2435 /* EmojiArt.swift */,
				D85EBB9824E2F41E002F2435 /* EmojiArtDocument.swift */,
				D85EBB8224E2F1B1002F2435 /* EmojiArtDocumentView.swift */,
				D85EBB9C24E2F536002F2435 /* AnimatableSystemFontModifier.swift */,
				D85EBB9A24E2F45E002F2435 /* OptionalImage.swift */,
				D85EBB7E24E2F1B1002F2435 /* AppDelegate.swift */,
				D85EBB8024E2F1B1002F2435 /* SceneDelegate.swift */,
				D85EBB9224E2F22E002F2435 /* EmojiArtExtensions.swift */,
				D85EBB8424E2F1B2002F2435 /* Assets.xcassets */,
				D85EBB8924E2F1B2002F2435 /* LaunchScreen.storyboard */,
				D85EBB8C24E2F1B2002F2435 /* Info.plist */,
				D85EBB8624E2F1B2002F2435 /* Preview Content */,
			);
			path = cs193p_a4;
			sourceTree = "<group>";
		};
		D85EBB8624E2F1B2002F2435 /* Preview Content */ = {
			isa = PBXGroup;
			children = (
				D85EBB8724E2F1B2002F2435 /* Preview Assets.xcassets */,
			);
			path = "Preview Content";
			sourceTree = "<group>";
		};
/* End PBXGroup section */

/* Begin PBXNativeTarget section */
		D85EBB7A24E2F1B1002F2435 /* cs193p_a4 */ = {
			isa = PBXNativeTarget;
			buildConfigurationList = D85EBB8F24E2F1B2002F2435 /* Build configuration list for PBXNativeTarget "cs193p_a4" */;
			buildPhases = (
				D85EBB7724E2F1B1002F2435 /* Sources */,
				D85EBB7824E2F1B1002F2435 /* Frameworks */,
				D85EBB7924E2F1B1002F2435 /* Resources */,
			);
			buildRules = (
			);
			dependencies = (
			);
			name = cs193p_a4;
			productName = cs193p_a4;
			productReference = D85EBB7B24E2F1B1002F2435 /* cs193p_a4.app */;
			productType = "com.apple.product-type.application";
		};
/* End PBXNativeTarget section */

/* Begin PBXProject section */
		D85EBB7324E2F1B1002F2435 /* Project object */ = {
			isa = PBXProject;
			attributes = {
				LastSwiftUpdateCheck = 1160;
				LastUpgradeCheck = 1160;
				ORGANIZATIONNAME = Joe;
				TargetAttributes = {
					D85EBB7A24E2F1B1002F2435 = {
						CreatedOnToolsVersion = 11.6;
					};
				};
			};
			buildConfigurationList = D85EBB7624E2F1B1002F2435 /* Build configuration list for PBXProject "cs193p_a4" */;
			compatibilityVersion = "Xcode 9.3";
			developmentRegion = en;
			hasScannedForEncodings = 0;
			knownRegions = (
				en,
				Base,
			);
			mainGroup = D85EBB7224E2F1B1002F2435;
			productRefGroup = D85EBB7C24E2F1B1002F2435 /* Products */;
			projectDirPath = "";
			projectRoot = "";
			targets = (
				D85EBB7A24E2F1B1002F2435 /* cs193p_a4 */,
			);
		};
/* End PBXProject section */

/* Begin PBXResourcesBuildPhase section */
		D85EBB7924E2F1B1002F2435 /* Resources */ = {
			isa = PBXResourcesBuildPhase;
			buildActionMask = 2147483647;
			files = (
				D85EBB8B24E2F1B2002F2435 /* LaunchScreen.storyboard in Resources */,
				D85EBB8824E2F1B2002F2435 /* Preview Assets.xcassets in Resources */,
				D85EBB8524E2F1B2002F2435 /* Assets.xcassets in Resources */,
			);
			runOnlyForDeploymentPostprocessing = 0;
		};
/* End PBXResourcesBuildPhase section */

/* Begin PBXSourcesBuildPhase section */
		D85EBB7724E2F1B1002F2435 /* Sources */ = {
			isa = PBXSourcesBuildPhase;
			buildActionMask = 2147483647;
			files = (
				D85EBB7F24E2F1B1002F2435 /* AppDelegate.swift in Sources */,
				D85EBB9924E2F41E002F2435 /* EmojiArtDocument.swift in Sources */,
				D85EBB8124E2F1B1002F2435 /* SceneDelegate.swift in Sources */,
				D85EBB9524E2F26D002F2435 /* EmojiArt.swift in Sources */,
				D85EBB9324E2F22E002F2435 /* EmojiArtExtensions.swift in Sources */,
				D85EBB9B24E2F45E002F2435 /* OptionalImage.swift in Sources */,
				D85EBB9D24E2F536002F2435 /* AnimatableSystemFontModifier.swift in Sources */,
				D85EBB8324E2F1B1002F2435 /* EmojiArtDocumentView.swift in Sources */,
			);
			runOnlyForDeploymentPostprocessing = 0;
		};
/* End PBXSourcesBuildPhase section */

/* Begin PBXVariantGroup section */
		D85EBB8924E2F1B2002F2435 /* LaunchScreen.storyboard */ = {
			isa = PBXVariantGroup;
			children = (
				D85EBB8A24E2F1B2002F2435 /* Base */,
			);
			name = LaunchScreen.storyboard;
			sourceTree = "<group>";
		};
/* End PBXVariantGroup section */

/* Begin XCBuildConfiguration section */
		D85EBB8D24E2F1B2002F2435 /* Debug */ = {
			isa = XCBuildConfiguration;
			buildSettings = {
				ALWAYS_SEARCH_USER_PATHS = NO;
				CLANG_ANALYZER_NONNULL = YES;
				CLANG_ANALYZER_NUMBER_OBJECT_CONVERSION = YES_AGGRESSIVE;
				CLANG_CXX_LANGUAGE_STANDARD = "gnu++14";
				CLANG_CXX_LIBRARY = "libc++";
				CLANG_ENABLE_MODULES = YES;
				CLANG_ENABLE_OBJC_ARC = YES;
				CLANG_ENABLE_OBJC_WEAK = YES;
				CLANG_WARN_BLOCK_CAPTURE_AUTORELEASING = YES;
				CLANG_WARN_BOOL_CONVERSION = YES;
				CLANG_WARN_COMMA = YES;
				CLANG_WARN_CONSTANT_CONVERSION = YES;
				CLANG_WARN_DEPRECATED_OBJC_IMPLEMENTATIONS = YES;
				CLANG_WARN_DIRECT_OBJC_ISA_USAGE = YES_ERROR;
				CLANG_WARN_DOCUMENTATION_COMMENTS = YES;
				CLANG_WARN_EMPTY_BODY = YES;
				CLANG_WARN_ENUM_CONVERSION = YES;
				CLANG_WARN_INFINITE_RECURSION = YES;
				CLANG_WARN_INT_CONVERSION = YES;
				CLANG_WARN_NON_LITERAL_NULL_CONVERSION = YES;
				CLANG_WARN_OBJC_IMPLICIT_RETAIN_SELF = YES;
				CLANG_WARN_OBJC_LITERAL_CONVERSION = YES;
				CLANG_WARN_OBJC_ROOT_CLASS = YES_ERROR;
				CLANG_WARN_RANGE_LOOP_ANALYSIS = YES;
				CLANG_WARN_STRICT_PROTOTYPES = YES;
				CLANG_WARN_SUSPICIOUS_MOVE = YES;
				CLANG_WARN_UNGUARDED_AVAILABILITY = YES_AGGRESSIVE;
				CLANG_WARN_UNREACHABLE_CODE = YES;
				CLANG_WARN__DUPLICATE_METHOD_MATCH = YES;
				COPY_PHASE_STRIP = NO;
				DEBUG_INFORMATION_FORMAT = dwarf;
				ENABLE_STRICT_OBJC_MSGSEND = YES;
				ENABLE_TESTABILITY = YES;
				GCC_C_LANGUAGE_STANDARD = gnu11;
				GCC_DYNAMIC_NO_PIC = NO;
				GCC_NO_COMMON_BLOCKS = YES;
				GCC_OPTIMIZATION_LEVEL = 0;
				GCC_PREPROCESSOR_DEFINITIONS = (
					"DEBUG=1",
					"$(inherited)",
				);
				GCC_WARN_64_TO_32_BIT_CONVERSION = YES;
				GCC_WARN_ABOUT_RETURN_TYPE = YES_ERROR;
				GCC_WARN_UNDECLARED_SELECTOR = YES;
				GCC_WARN_UNINITIALIZED_AUTOS = YES_AGGRESSIVE;
				GCC_WARN_UNUSED_FUNCTION = YES;
				GCC_WARN_UNUSED_VARIABLE = YES;
				IPHONEOS_DEPLOYMENT_TARGET = 13.6;
				MTL_ENABLE_DEBUG_INFO = INCLUDE_SOURCE;
				MTL_FAST_MATH = YES;
				ONLY_ACTIVE_ARCH = YES;
				SDKROOT = iphoneos;
				SWIFT_ACTIVE_COMPILATION_CONDITIONS = DEBUG;
				SWIFT_OPTIMIZATION_LEVEL = "-Onone";
			};
			name = Debug;
		};
		D85EBB8E24E2F1B2002F2435 /* Release */ = {
			isa = XCBuildConfiguration;
			buildSettings = {
				ALWAYS_SEARCH_USER_PATHS = NO;
				CLANG_ANALYZER_NONNULL = YES;
				CLANG_ANALYZER_NUMBER_OBJECT_CONVERSION = YES_AGGRESSIVE;
				CLANG_CXX_LANGUAGE_STANDARD = "gnu++14";
				CLANG_CXX_LIBRARY = "libc++";
				CLANG_ENABLE_MODULES = YES;
				CLANG_ENABLE_OBJC_ARC = YES;
				CLANG_ENABLE_OBJC_WEAK = YES;
				CLANG_WARN_BLOCK_CAPTURE_AUTORELEASING = YES;
				CLANG_WARN_BOOL_CONVERSION = YES;
				CLANG_WARN_COMMA = YES;
				CLANG_WARN_CONSTANT_CONVERSION = YES;
				CLANG_WARN_DEPRECATED_OBJC_IMPLEMENTATIONS = YES;
				CLANG_WARN_DIRECT_OBJC_ISA_USAGE = YES_ERROR;
				CLANG_WARN_DOCUMENTATION_COMMENTS = YES;
				CLANG_WARN_EMPTY_BODY = YES;
				CLANG_WARN_ENUM_CONVERSION = YES;
				CLANG_WARN_INFINITE_RECURSION = YES;
				CLANG_WARN_INT_CONVERSION = YES;
				CLANG_WARN_NON_LITERAL_NULL_CONVERSION = YES;
				CLANG_WARN_OBJC_IMPLICIT_RETAIN_SELF = YES;
				CLANG_WARN_OBJC_LITERAL_CONVERSION = YES;
				CLANG_WARN_OBJC_ROOT_CLASS = YES_ERROR;
				CLANG_WARN_RANGE_LOOP_ANALYSIS = YES;
				CLANG_WARN_STRICT_PROTOTYPES = YES;
				CLANG_WARN_SUSPICIOUS_MOVE = YES;
				CLANG_WARN_UNGUARDED_AVAILABILITY = YES_AGGRESSIVE;
				CLANG_WARN_UNREACHABLE_CODE = YES;
				CLANG_WARN__DUPLICATE_METHOD_MATCH = YES;
				COPY_PHASE_STRIP = NO;
				DEBUG_INFORMATION_FORMAT = "dwarf-with-dsym";
				ENABLE_NS_ASSERTIONS = NO;
				ENABLE_STRICT_OBJC_MSGSEND = YES;
				GCC_C_LANGUAGE_STANDARD = gnu11;
				GCC_NO_COMMON_BLOCKS = YES;
				GCC_WARN_64_TO_32_BIT_CONVERSION = YES;
				GCC_WARN_ABOUT_RETURN_TYPE = YES_ERROR;
				GCC_WARN_UNDECLARED_SELECTOR = YES;
				GCC_WARN_UNINITIALIZED_AUTOS = YES_AGGRESSIVE;
				GCC_WARN_UNUSED_FUNCTION = YES;
				GCC_WARN_UNUSED_VARIABLE = YES;
				IPHONEOS_DEPLOYMENT_TARGET = 13.6;
				MTL_ENABLE_DEBUG_INFO = NO;
				MTL_FAST_MATH = YES;
				SDKROOT = iphoneos;
				SWIFT_COMPILATION_MODE = wholemodule;
				SWIFT_OPTIMIZATION_LEVEL = "-O";
				VALIDATE_PRODUCT = YES;
			};
			name = Release;
		};
		D85EBB9024E2F1B2002F2435 /* Debug */ = {
			isa = XCBuildConfiguration;
			buildSettings = {
				ASSETCATALOG_COMPILER_APPICON_NAME = AppIcon;
				CODE_SIGN_STYLE = Automatic;
				DEVELOPMENT_ASSET_PATHS = "\"cs193p_a4/Preview Content\"";
				DEVELOPMENT_TEAM = 622463582N;
				ENABLE_PREVIEWS = YES;
				INFOPLIST_FILE = cs193p_a4/Info.plist;
				LD_RUNPATH_SEARCH_PATHS = (
					"$(inherited)",
					"@executable_path/Frameworks",
				);
				PRODUCT_BUNDLE_IDENTIFIER = "Joe.cs193p-a4";
				PRODUCT_NAME = "$(TARGET_NAME)";
				SWIFT_VERSION = 5.0;
				TARGETED_DEVICE_FAMILY = "1,2";
			};
			name = Debug;
		};
		D85EBB9124E2F1B2002F2435 /* Release */ = {
			isa = XCBuildConfiguration;
			buildSettings = {
				ASSETCATALOG_COMPILER_APPICON_NAME = AppIcon;
				CODE_SIGN_STYLE = Automatic;
				DEVELOPMENT_ASSET_PATHS = "\"cs193p_a4/Preview Content\"";
				DEVELOPMENT_TEAM = 622463582N;
				ENABLE_PREVIEWS = YES;
				INFOPLIST_FILE = cs193p_a4/Info.plist;
				LD_RUNPATH_SEARCH_PATHS = (
					"$(inherited)",
					"@executable_path/Frameworks",
				);
				PRODUCT_BUNDLE_IDENTIFIER = "Joe.cs193p-a4";
				PRODUCT_NAME = "$(TARGET_NAME)";
				SWIFT_VERSION = 5.0;
				TARGETED_DEVICE_FAMILY = "1,2";
			};
			name = Release;
		};
/* End XCBuildConfiguration section */

/* Begin XCConfigurationList section */
		D85EBB7624E2F1B1002F2435 /* Build configuration list for PBXProject "cs193p_a4" */ = {
			isa = XCConfigurationList;
			buildConfigurations = (
				D85EBB8D24E2F1B2002F2435 /* Debug */,
				D85EBB8E24E2F1B2002F2435 /* Release */,
			);
			defaultConfigurationIsVisible = 0;
			defaultConfigurationName = Release;
		};
		D85EBB8F24E2F1B2002F2435 /* Build configuration list for PBXNativeTarget "cs193p_a4" */ = {
			isa = XCConfigurationList;
			buildConfigurations = (
				D85EBB9024E2F1B2002F2435 /* Debug */,
				D85EBB9124E2F1B2002F2435 /* Release */,
			);
			defaultConfigurationIsVisible = 0;
			defaultConfigurationName = Release;
		};
/* End XCConfigurationList section */
	};
	rootObject = D85EBB7324E2F1B1002F2435 /* Project object */;
}
